
Microsoft Visual Studio Solution File, Format Version 12.00
# Visual Studio Version 17
VisualStudioVersion = 17.1.32210.238
MinimumVisualStudioVersion = 10.0.40219.1
Project("{9A19103F-16F7-4668-BE54-9A1E7A4F7556}") = "MyLibrary", "MyLibrary\MyLibrary.csproj", "{529D1826-DB04-4908-BDA3-0A22500332ED}"
EndProject
Project("{9A19103F-16F7-4668-BE54-9A1E7A4F7556}") = "MyApp", "MyApp\MyApp.csproj", "{D5F419F5-1CCC-433C-B5F4-B836213A62EB}"
EndProject
Global
	GlobalSection(SolutionConfigurationPlatforms) = preSolution
		Debug|Any CPU = Debug|Any CPU
		Release|Any CPU = Release|Any CPU
	EndGlobalSection
	GlobalSection(ProjectConfigurationPlatforms) = postSolution
		{529D1826-DB04-4908-BDA3-0A22500332ED}.Debug|Any CPU.ActiveCfg = Debug|Any CPU
		{529D1826-DB04-4908-BDA3-0A22500332ED}.Debug|Any CPU.Build.0 = Debug|Any CPU
		{529D1826-DB04-4908-BDA3-0A22500332ED}.Release|Any CPU.ActiveCfg = Release|Any CPU
		{529D1826-DB04-4908-BDA3-0A22500332ED}.Release|Any CPU.Build.0 = Release|Any CPU
		{D5F419F5-1CCC-433C-B5F4-B836213A62EB}.Debug|Any CPU.ActiveCfg = Debug|Any CPU
		{D5F419F5-1CCC-433C-B5F4-B836213A62EB}.Debug|Any CPU.Build.0 = Debug|Any CPU
		{D5F419F5-1CCC-433C-B5F4-B836213A62EB}.Release|Any CPU.ActiveCfg = Release|Any CPU
		{D5F419F5-1CCC-433C-B5F4-B836213A62EB}.Release|Any CPU.Build.0 = Release|Any CPU
	EndGlobalSection
	GlobalSection(SolutionProperties) = preSolution
		HideSolutionNode = FALSE
	EndGlobalSection
	GlobalSection(ExtensibilityGlobals) = postSolution
		SolutionGuid = {8ADC4BE5-328D-4F4B-AE84-4EBCB05D6814}
	EndGlobalSection
EndGlobal
